
Microsoft Visual Studio Solution File, Format Version 11.00
# Visual Studio 2010
Project("{8BC9CEB8-8B4A-11D0-8D11-00A0C91BC942}") = "self_contact_eigen", "self_contact_eigen.vcxproj", "{2771FEDF-BB36-4C03-A280-ED1FD64CA33D}"
EndProject
Global
	GlobalSection(SolutionConfigurationPlatforms) = preSolution
		Debug|Win32 = Debug|Win32
		Release|Win32 = Release|Win32
	EndGlobalSection
	GlobalSection(ProjectConfigurationPlatforms) = postSolution
		{2771FEDF-BB36-4C03-A280-ED1FD64CA33D}.Debug|Win32.ActiveCfg = Debug|Win32
		{2771FEDF-BB36-4C03-A280-ED1FD64CA33D}.Debug|Win32.Build.0 = Debug|Win32
		{2771FEDF-BB36-4C03-A280-ED1FD64CA33D}.Release|Win32.ActiveCfg = Release|Win32
		{2771FEDF-BB36-4C03-A280-ED1FD64CA33D}.Release|Win32.Build.0 = Release|Win32
	EndGlobalSection
	GlobalSection(SolutionProperties) = preSolution
		HideSolutionNode = FALSE
	EndGlobalSection
EndGlobal
